
Microsoft Visual Studio Solution File, Format Version 12.00
# Visual Studio Version 16
VisualStudioVersion = 16.0.29326.143
MinimumVisualStudioVersion = 10.0.40219.1
Project("{FAE04EC0-301F-11D3-BF4B-00C04F79EFBC}") = "QA_System", "QA_System.csproj", "{3BF280E8-22A4-4110-8595-F464A2E64EB4}"
EndProject
Global
	GlobalSection(SolutionConfigurationPlatforms) = preSolution
		Debug|Any CPU = Debug|Any CPU
		Release|Any CPU = Release|Any CPU
	EndGlobalSection
	GlobalSection(ProjectConfigurationPlatforms) = postSolution
		{3BF280E8-22A4-4110-8595-F464A2E64EB4}.Debug|Any CPU.ActiveCfg = Debug|Any CPU
		{3BF280E8-22A4-4110-8595-F464A2E64EB4}.Debug|Any CPU.Build.0 = Debug|Any CPU
		{3BF280E8-22A4-4110-8595-F464A2E64EB4}.Release|Any CPU.ActiveCfg = Release|Any CPU
		{3BF280E8-22A4-4110-8595-F464A2E64EB4}.Release|Any CPU.Build.0 = Release|Any CPU
	EndGlobalSection
	GlobalSection(SolutionProperties) = preSolution
		HideSolutionNode = FALSE
	EndGlobalSection
	GlobalSection(ExtensibilityGlobals) = postSolution
		SolutionGuid = {AF100137-4F4D-43DF-9417-E6D61339CE97}
	EndGlobalSection
EndGlobal
